
Microsoft Visual Studio Solution File, Format Version 12.00
# Visual Studio 2017
Project("{FAE04EC0-301F-11D3-BF4B-00C04F79EFBC}") = "BlackRoomUnity - verbeterde versie", "BlackRoomUnity - verbeterde versie.csproj", "{79ED8C0D-53FC-2414-5AB6-2B45D38E1DD1}"
EndProject
Project("{FAE04EC0-301F-11D3-BF4B-00C04F79EFBC}") = "BlackRoomUnity - verbeterde versie.Editor", "BlackRoomUnity - verbeterde versie.Editor.csproj", "{3046CD95-5061-B5A1-FA19-5E84F5CDF0A5}"
EndProject
Global
	GlobalSection(SolutionConfigurationPlatforms) = preSolution
		Debug|Any CPU = Debug|Any CPU
		Release|Any CPU = Release|Any CPU
	EndGlobalSection
	GlobalSection(ProjectConfigurationPlatforms) = postSolution
		{79ED8C0D-53FC-2414-5AB6-2B45D38E1DD1}.Debug|Any CPU.ActiveCfg = Debug|Any CPU
		{79ED8C0D-53FC-2414-5AB6-2B45D38E1DD1}.Debug|Any CPU.Build.0 = Debug|Any CPU
		{79ED8C0D-53FC-2414-5AB6-2B45D38E1DD1}.Release|Any CPU.ActiveCfg = Release|Any CPU
		{79ED8C0D-53FC-2414-5AB6-2B45D38E1DD1}.Release|Any CPU.Build.0 = Release|Any CPU
		{3046CD95-5061-B5A1-FA19-5E84F5CDF0A5}.Debug|Any CPU.ActiveCfg = Debug|Any CPU
		{3046CD95-5061-B5A1-FA19-5E84F5CDF0A5}.Debug|Any CPU.Build.0 = Debug|Any CPU
		{3046CD95-5061-B5A1-FA19-5E84F5CDF0A5}.Release|Any CPU.ActiveCfg = Release|Any CPU
		{3046CD95-5061-B5A1-FA19-5E84F5CDF0A5}.Release|Any CPU.Build.0 = Release|Any CPU
	EndGlobalSection
	GlobalSection(SolutionProperties) = preSolution
		HideSolutionNode = FALSE
	EndGlobalSection
EndGlobal
