
Microsoft Visual Studio Solution File, Format Version 11.00
# Visual Studio 2010
Project("{FAE04EC0-301F-11D3-BF4B-00C04F79EFBC}") = "SimplePlanar", "Assembly-CSharp.csproj", "{64970536-D08D-462F-2693-FB258497E7FF}"
EndProject
Project("{FAE04EC0-301F-11D3-BF4B-00C04F79EFBC}") = "SimplePlanar", "Assembly-CSharp-Editor.csproj", "{8443327C-D41C-C5F2-AC73-FEE8111F4F6D}"
EndProject
Global
	GlobalSection(SolutionConfigurationPlatforms) = preSolution
		Debug|Any CPU = Debug|Any CPU
		Release|Any CPU = Release|Any CPU
	EndGlobalSection
	GlobalSection(ProjectConfigurationPlatforms) = postSolution
		{64970536-D08D-462F-2693-FB258497E7FF}.Debug|Any CPU.ActiveCfg = Debug|Any CPU
		{64970536-D08D-462F-2693-FB258497E7FF}.Debug|Any CPU.Build.0 = Debug|Any CPU
		{64970536-D08D-462F-2693-FB258497E7FF}.Release|Any CPU.ActiveCfg = Release|Any CPU
		{64970536-D08D-462F-2693-FB258497E7FF}.Release|Any CPU.Build.0 = Release|Any CPU
		{8443327C-D41C-C5F2-AC73-FEE8111F4F6D}.Debug|Any CPU.ActiveCfg = Debug|Any CPU
		{8443327C-D41C-C5F2-AC73-FEE8111F4F6D}.Debug|Any CPU.Build.0 = Debug|Any CPU
		{8443327C-D41C-C5F2-AC73-FEE8111F4F6D}.Release|Any CPU.ActiveCfg = Release|Any CPU
		{8443327C-D41C-C5F2-AC73-FEE8111F4F6D}.Release|Any CPU.Build.0 = Release|Any CPU
	EndGlobalSection
	GlobalSection(SolutionProperties) = preSolution
		HideSolutionNode = FALSE
	EndGlobalSection
	GlobalSection(MonoDevelopProperties) = preSolution
		StartupItem = Assembly-CSharp.csproj
	EndGlobalSection
EndGlobal
